
Microsoft Visual Studio Solution File, Format Version 12.00
# Visual Studio Version 16
VisualStudioVersion = 16.0.30621.155
MinimumVisualStudioVersion = 10.0.40219.1
Project("{FAE04EC0-301F-11D3-BF4B-00C04F79EFBC}") = "Task01", "Task01.csproj", "{F2ED8264-3BFE-4CF9-9B2A-927492BCA251}"
EndProject
Project("{FAE04EC0-301F-11D3-BF4B-00C04F79EFBC}") = "Task01.Tests", "Task01.Tests\Task01.Tests.csproj", "{297A4959-1AED-4800-BAEF-85E3666D38E2}"
EndProject
Global
	GlobalSection(SolutionConfigurationPlatforms) = preSolution
		Debug|Any CPU = Debug|Any CPU
		Release|Any CPU = Release|Any CPU
	EndGlobalSection
	GlobalSection(ProjectConfigurationPlatforms) = postSolution
		{F2ED8264-3BFE-4CF9-9B2A-927492BCA251}.Debug|Any CPU.ActiveCfg = Debug|Any CPU
		{F2ED8264-3BFE-4CF9-9B2A-927492BCA251}.Debug|Any CPU.Build.0 = Debug|Any CPU
		{F2ED8264-3BFE-4CF9-9B2A-927492BCA251}.Release|Any CPU.ActiveCfg = Release|Any CPU
		{F2ED8264-3BFE-4CF9-9B2A-927492BCA251}.Release|Any CPU.Build.0 = Release|Any CPU
		{297A4959-1AED-4800-BAEF-85E3666D38E2}.Debug|Any CPU.ActiveCfg = Debug|Any CPU
		{297A4959-1AED-4800-BAEF-85E3666D38E2}.Debug|Any CPU.Build.0 = Debug|Any CPU
		{297A4959-1AED-4800-BAEF-85E3666D38E2}.Release|Any CPU.ActiveCfg = Release|Any CPU
		{297A4959-1AED-4800-BAEF-85E3666D38E2}.Release|Any CPU.Build.0 = Release|Any CPU
	EndGlobalSection
	GlobalSection(SolutionProperties) = preSolution
		HideSolutionNode = FALSE
	EndGlobalSection
	GlobalSection(ExtensibilityGlobals) = postSolution
		SolutionGuid = {4D1DA0FE-3BB6-47D2-AE5E-5413940919F3}
	EndGlobalSection
EndGlobal
